
Microsoft Visual Studio Solution File, Format Version 12.00
# Visual Studio Version 17
VisualStudioVersion = 17.4.33110.190
MinimumVisualStudioVersion = 10.0.40219.1
Project("{FAE04EC0-301F-11D3-BF4B-00C04F79EFBC}") = "ConcoleDeportee", "ConcoleDeportee.csproj", "{CF3556BB-D87C-4410-97C8-E194D95E99FF}"
EndProject
Global
	GlobalSection(SolutionConfigurationPlatforms) = preSolution
		Debug|Any CPU = Debug|Any CPU
		Release|Any CPU = Release|Any CPU
	EndGlobalSection
	GlobalSection(ProjectConfigurationPlatforms) = postSolution
		{CF3556BB-D87C-4410-97C8-E194D95E99FF}.Debug|Any CPU.ActiveCfg = Debug|Any CPU
		{CF3556BB-D87C-4410-97C8-E194D95E99FF}.Debug|Any CPU.Build.0 = Debug|Any CPU
		{CF3556BB-D87C-4410-97C8-E194D95E99FF}.Release|Any CPU.ActiveCfg = Release|Any CPU
		{CF3556BB-D87C-4410-97C8-E194D95E99FF}.Release|Any CPU.Build.0 = Release|Any CPU
	EndGlobalSection
	GlobalSection(SolutionProperties) = preSolution
		HideSolutionNode = FALSE
	EndGlobalSection
	GlobalSection(ExtensibilityGlobals) = postSolution
		SolutionGuid = {34A01AB3-366B-42BB-9617-6576463E5762}
	EndGlobalSection
EndGlobal
