
Microsoft Visual Studio Solution File, Format Version 12.00
# Visual Studio Version 17
VisualStudioVersion = 17.4.33110.190
MinimumVisualStudioVersion = 10.0.40219.1
Project("{FAE04EC0-301F-11D3-BF4B-00C04F79EFBC}") = "Cryptosoft", "Cryptosoft.csproj", "{519CB6D4-47A0-42FF-A232-AA6C680750DB}"
EndProject
Global
	GlobalSection(SolutionConfigurationPlatforms) = preSolution
		Debug|Any CPU = Debug|Any CPU
		Release|Any CPU = Release|Any CPU
	EndGlobalSection
	GlobalSection(ProjectConfigurationPlatforms) = postSolution
		{519CB6D4-47A0-42FF-A232-AA6C680750DB}.Debug|Any CPU.ActiveCfg = Debug|Any CPU
		{519CB6D4-47A0-42FF-A232-AA6C680750DB}.Debug|Any CPU.Build.0 = Debug|Any CPU
		{519CB6D4-47A0-42FF-A232-AA6C680750DB}.Release|Any CPU.ActiveCfg = Release|Any CPU
		{519CB6D4-47A0-42FF-A232-AA6C680750DB}.Release|Any CPU.Build.0 = Release|Any CPU
	EndGlobalSection
	GlobalSection(SolutionProperties) = preSolution
		HideSolutionNode = FALSE
	EndGlobalSection
	GlobalSection(ExtensibilityGlobals) = postSolution
		SolutionGuid = {CE2508FF-FC1D-4717-84FF-A7DB64245222}
	EndGlobalSection
EndGlobal
